{
    "_readme": [
        "This file locks the dependencies of your project to a known state",
        "Read more about it at https://getcomposer.org/doc/01-basic-usage.md#composer-lock-the-lock-file",
        "This file is @generated automatically"
    ],
    "content-hash": "42c45b60c4286d408901f175b3df8fe6",
    "packages": [
        {
            "name": "pear/math_biginteger",
            "version": "v1.0.3",
            "source": {
                "type": "git",
                "url": "https://github.com/pear/Math_BigInteger.git",
                "reference": "33d4357543037a458fad3e8c837a01b93104e592"
            },
            "dist": {
                "type": "zip",
                "url": "https://api.github.com/repos/pear/Math_BigInteger/zipball/33d4357543037a458fad3e8c837a01b93104e592",
                "reference": "33d4357543037a458fad3e8c837a01b93104e592",
                "shasum": ""
            },
            "require": {
                "ext-pcre": "*",
                "php": ">=4.2.0"
            },
            "suggest": {
                "ext-bcmath": "Allows using the BCMath extension internally for computation. Faster than native implementation.",
                "ext-gmp": "Allows using the GNU Multiple Precision extension internally for computation. If you are doing a lot of computation this is the recommended extension."
            },
            "type": "library",
            "autoload": {
                "psr-0": {
                    "Math_": "./"
                }
            },
            "notification-url": "https://packagist.org/downloads/",
            "license": [
                "MIT"
            ],
            "authors": [
                {
                    "name": "Jim Wigginton",
                    "email": "terrafrost@php.net"
                }
            ],
            "description": "Pure-PHP arbitrary precission integer arithmetic library. If GMP or BCMath are available they are used.",
            "homepage": "https://github.com/pear/Math_BigInteger",
            "keywords": [
                "arbitrary",
                "bcmath",
                "gmp",
                "integer",
                "precision"
            ],
            "time": "2016-04-12T05:46:52+00:00"
        }
    ],
    "packages-dev": [],
    "aliases": [],
    "minimum-stability": "stable",
    "stability-flags": [],
    "prefer-stable": false,
    "prefer-lowest": false,
    "platform": [],
    "platform-dev": []
}
